PODS:
  - AFNetworking (3.2.1):
    - AFNetworking/NSURLSession (= 3.2.1)
    - AFNetworking/Reachability (= 3.2.1)
    - AFNetworking/Security (= 3.2.1)
    - AFNetworking/Serialization (= 3.2.1)
    - AFNetworking/UIKit (= 3.2.1)
  - AFNetworking/NSURLSession (3.2.1):
    - AFNetworking/Reachability
    - AFNetworking/Security
    - AFNetworking/Serialization
  - AFNetworking/Reachability (3.2.1)
  - AFNetworking/Security (3.2.1)
  - AFNetworking/Serialization (3.2.1)
  - AFNetworking/UIKit (3.2.1):
    - AFNetworking/NSURLSession
  - AlipaySDK-iOS (15.5.9)
  - AMap3DMap (6.3.1):
    - AMapFoundation (~> 1.5)
  - AMapFoundation (1.5.6)
  - AMapLocation (2.6.1):
    - AMapFoundation (~> 1.4)
  - AMapSearch (6.6.0):
    - AMapFoundation (~> 1.4)
  - Bugly (2.5.0)
  - Charts (3.2.2):
    - Charts/Core (= 3.2.2)
  - Charts/Core (3.2.2)
  - JCore (1.2.6)
  - JMessage (3.8.0):
    - JCore (~> 1.0)
  - JPush (3.1.2):
    - JCore (~> 1.2.6)
  - LTScrollView (0.1.9)
  - Masonry (1.1.0)
  - MBProgressHUD (1.1.0)
  - MJExtension (3.0.15.1)
  - MJRefresh (3.1.15.7)
  - SDWebImage (4.4.6):
    - SDWebImage/Core (= 4.4.6)
  - SDWebImage/Core (4.4.6)
  - TZImagePickerController (3.2.0)
  - WechatOpenSDK (1.8.4)

DEPENDENCIES:
  - AFNetworking (~> 3.2.1)
  - AlipaySDK-iOS
  - AMap3DMap (~> 6.3.0)
  - AMapLocation
  - AMapSearch
  - Bugly (~> 2.5.0)
  - Charts
  - JMessage
  - JPush
  - LTScrollView (~> 0.1.7)
  - Masonry
  - MBProgressHUD (~> 1.1.0)
  - MJExtension (~> 3.0.15.1)
  - MJRefresh (~> 3.1.15.3)
  - SDWebImage (~> 4.4.1)
  - TZImagePickerController
  - WechatOpenSDK

SPEC REPOS:
  https://github.com/cocoapods/specs.git:
    - AFNetworking
    - AlipaySDK-iOS
    - AMap3DMap
    - AMapFoundation
    - AMapLocation
    - AMapSearch
    - Bugly
    - Charts
    - JCore
    - JMessage
    - JPush
    - LTScrollView
    - Masonry
    - MBProgressHUD
    - MJExtension
    - MJRefresh
    - SDWebImage
    - TZImagePickerController
    - WechatOpenSDK

SPEC CHECKSUMS:
  AFNetworking: b6f891fdfaed196b46c7a83cf209e09697b94057
  AlipaySDK-iOS: 1c5283b30977a24acecc0114662697f7dc78f618
  AMap3DMap: 7e1b2f2a1628a584f085d7f158d7c9835837e8c2
  AMapFoundation: 20fce2a12cd152e1092afdd04379cdac21932185
  AMapLocation: cf024b53dc03663efb4ea4bcce27d4cce58bb97a
  AMapSearch: def5983c8ca1a6d7430970046dc814f6e337621d
  Bugly: 3ca9f255c01025582df26f9222893b383c7e4b4e
  Charts: f69cf0518b6d1d62608ca504248f1bbe0b6ae77e
  JCore: cae516dd2bf1a73b578ce6e1065abd49e709e0f7
  JMessage: 14355feac1f0b914c2ec813aede07cdcc8eddd1f
  JPush: d0cead70ba223a6a3b52749899ebda830dfbc49a
  LTScrollView: f2e17b5bc4b89f3aa59562a81fa10add77a8b8bf
  Masonry: 678fab65091a9290e40e2832a55e7ab731aad201
  MBProgressHUD: e7baa36a220447d8aeb12769bf0585582f3866d9
  MJExtension: 19bc33ce2eee2d319760f5622562cf581a6ff756
  MJRefresh: 697f8ec75ebdbe9207767bb682cf0f51b0d8a41f
  SDWebImage: 3f3f0c02f09798048c47a5ed0a13f17b063572d8
  TZImagePickerController: 7850b158d025065b162a1a963d445040b828abc9
  WechatOpenSDK: 9b721089507c895d05f997408c30bb6e6f5f9b60

PODFILE CHECKSUM: f63125c9426bff3552bd3a1190d61063166552be

COCOAPODS: 1.7.0.beta.1
